
Microsoft Visual Studio Solution File, Format Version 12.00
# Visual Studio Version 17
VisualStudioVersion = 17.5.33516.290
MinimumVisualStudioVersion = 10.0.40219.1
Project("{FAE04EC0-301F-11D3-BF4B-00C04F79EFBC}") = "CHECKERS", "CHECKERS.csproj", "{ABD743C9-1BFF-477F-A05B-D3AF7CBB6423}"
EndProject
Global
	GlobalSection(SolutionConfigurationPlatforms) = preSolution
		Debug|Any CPU = Debug|Any CPU
		Release|Any CPU = Release|Any CPU
	EndGlobalSection
	GlobalSection(ProjectConfigurationPlatforms) = postSolution
		{ABD743C9-1BFF-477F-A05B-D3AF7CBB6423}.Debug|Any CPU.ActiveCfg = Debug|Any CPU
		{ABD743C9-1BFF-477F-A05B-D3AF7CBB6423}.Debug|Any CPU.Build.0 = Debug|Any CPU
		{ABD743C9-1BFF-477F-A05B-D3AF7CBB6423}.Release|Any CPU.ActiveCfg = Release|Any CPU
		{ABD743C9-1BFF-477F-A05B-D3AF7CBB6423}.Release|Any CPU.Build.0 = Release|Any CPU
	EndGlobalSection
	GlobalSection(SolutionProperties) = preSolution
		HideSolutionNode = FALSE
	EndGlobalSection
	GlobalSection(ExtensibilityGlobals) = postSolution
		SolutionGuid = {E0D4E46E-A3E0-4987-8A17-3E9612B55181}
	EndGlobalSection
EndGlobal
